// !$*UTF8*$!
{
	archiveVersion = 1;
	classes = {
	};
	objectVersion = 77;
	objects = {

/* Begin PBXBuildFile section */
		0C48DC35ED5DCBF20CC0A0A3 /* CreateWorktreeClientTests.swift in Sources */ = {isa = PBXBuildFile; fileRef = F9BE28EEA6673202992718AC /* CreateWorktreeClientTests.swift */; };
		2AE3E873CEBC645A93D9D3EF /* Assets.xcassets in Resources */ = {isa = PBXBuildFile; fileRef = 1B4204CA01B233B9F19E518B /* Assets.xcassets */; };
		2C7D26A5DCEF90670838F8CA /* SSHOnboardingInstructionsTests.swift in Sources */ = {isa = PBXBuildFile; fileRef = 67BBCA2A114F8474E4AAA2B7 /* SSHOnboardingInstructionsTests.swift */; };
		2E416266017DFF6D47BFED05 /* BiometricGateTests.swift in Sources */ = {isa = PBXBuildFile; fileRef = 2F8661072B5A91A28C0F46B5 /* BiometricGateTests.swift */; };
		3E58A2ABC89004EDB029B4F3 /* MobileSSHKeyStoreTests.swift in Sources */ = {isa = PBXBuildFile; fileRef = 6FECC8AFCB18ADAC7A90F1BA /* MobileSSHKeyStoreTests.swift */; };
		483FFAA6EA930913E3847B04 /* PanePreviewClientPoolTests.swift in Sources */ = {isa = PBXBuildFile; fileRef = 59C241EF3381506F0ED7BEC0 /* PanePreviewClientPoolTests.swift */; };
		4FC268572A822F79E5CBF517 /* SessionClientTests.swift in Sources */ = {isa = PBXBuildFile; fileRef = 3E56275CF0FCFE37F85EFC75 /* SessionClientTests.swift */; };
		4FCF3928EE66699587F57A20 /* ReposFetcherTests.swift in Sources */ = {isa = PBXBuildFile; fileRef = 89CA6F3FF97966B7A2455984 /* ReposFetcherTests.swift */; };
		5E82901F3ADEA7B4769B7E59 /* TerminalWidthLayoutTests.swift in Sources */ = {isa = PBXBuildFile; fileRef = 3DFA9C1F66C7E92D9F0BCE9C /* TerminalWidthLayoutTests.swift */; };
		64E9C62E3509B5F9F6CE55D5 /* GrafttyMobileKit in Frameworks */ = {isa = PBXBuildFile; productRef = 961E5DC72693D5319AE8805F /* GrafttyMobileKit */; };
		69A3E70C24956F734A8B75EE /* GrafttyMobileApp.swift in Sources */ = {isa = PBXBuildFile; fileRef = 8E56F1F52D5AD50167862DB5 /* GrafttyMobileApp.swift */; };
		6E3698272F39E3D8665B41E7 /* HostStoreTests.swift in Sources */ = {isa = PBXBuildFile; fileRef = 8F512E9DFA7D7EC060D47EAD /* HostStoreTests.swift */; };
		7F73F1D0FCCA48FCAB1A219A /* GrafttyMobileKit in Frameworks */ = {isa = PBXBuildFile; productRef = 60C487620D1AB53BB66F5014 /* GrafttyMobileKit */; };
		9FC5E92497F5755C7182F797 /* LaunchScreen.storyboard in Resources */ = {isa = PBXBuildFile; fileRef = 2E297959F982E90ED939C39C /* LaunchScreen.storyboard */; };
		AA14A2ACD895768E8B7A2E2B /* HostControllerTests.swift in Sources */ = {isa = PBXBuildFile; fileRef = 5914CCCFEA6C67504BAA55A9 /* HostControllerTests.swift */; };
		C0A3025E89B3FB9D1A6C744A /* SessionsFetcherTests.swift in Sources */ = {isa = PBXBuildFile; fileRef = 340D909E38FF8ABE9EA6B38B /* SessionsFetcherTests.swift */; };
		FD935B889FE139844ADA79E6 /* TerminalPaneViewTests.swift in Sources */ = {isa = PBXBuildFile; fileRef = 5998E66A30A2C0BDA5095427 /* TerminalPaneViewTests.swift */; };
/* End PBXBuildFile section */

/* Begin PBXFileReference section */
		1B4204CA01B233B9F19E518B /* Assets.xcassets */ = {isa = PBXFileReference; lastKnownFileType = folder.assetcatalog; path = Assets.xcassets; sourceTree = "<group>"; };
		2E297959F982E90ED939C39C /* LaunchScreen.storyboard */ = {isa = PBXFileReference; lastKnownFileType = file.storyboard; path = LaunchScreen.storyboard; sourceTree = "<group>"; };
		2F8661072B5A91A28C0F46B5 /* BiometricGateTests.swift */ = {isa = PBXFileReference; lastKnownFileType = sourcecode.swift; path = BiometricGateTests.swift; sourceTree = "<group>"; };
		340D909E38FF8ABE9EA6B38B /* SessionsFetcherTests.swift */ = {isa = PBXFileReference; lastKnownFileType = sourcecode.swift; path = SessionsFetcherTests.swift; sourceTree = "<group>"; };
		3DFA9C1F66C7E92D9F0BCE9C /* TerminalWidthLayoutTests.swift */ = {isa = PBXFileReference; lastKnownFileType = sourcecode.swift; path = TerminalWidthLayoutTests.swift; sourceTree = "<group>"; };
		3E56275CF0FCFE37F85EFC75 /* SessionClientTests.swift */ = {isa = PBXFileReference; lastKnownFileType = sourcecode.swift; path = SessionClientTests.swift; sourceTree = "<group>"; };
		5914CCCFEA6C67504BAA55A9 /* HostControllerTests.swift */ = {isa = PBXFileReference; lastKnownFileType = sourcecode.swift; path = HostControllerTests.swift; sourceTree = "<group>"; };
		5998E66A30A2C0BDA5095427 /* TerminalPaneViewTests.swift */ = {isa = PBXFileReference; lastKnownFileType = sourcecode.swift; path = TerminalPaneViewTests.swift; sourceTree = "<group>"; };
		59C241EF3381506F0ED7BEC0 /* PanePreviewClientPoolTests.swift */ = {isa = PBXFileReference; lastKnownFileType = sourcecode.swift; path = PanePreviewClientPoolTests.swift; sourceTree = "<group>"; };
		60476F2F86616EAD082CF370 /* Info.plist */ = {isa = PBXFileReference; lastKnownFileType = text.plist; path = Info.plist; sourceTree = "<group>"; };
		67BBCA2A114F8474E4AAA2B7 /* SSHOnboardingInstructionsTests.swift */ = {isa = PBXFileReference; lastKnownFileType = sourcecode.swift; path = SSHOnboardingInstructionsTests.swift; sourceTree = "<group>"; };
		6FECC8AFCB18ADAC7A90F1BA /* MobileSSHKeyStoreTests.swift */ = {isa = PBXFileReference; lastKnownFileType = sourcecode.swift; path = MobileSSHKeyStoreTests.swift; sourceTree = "<group>"; };
		7213F905213229A44DC07D77 /* GrafttyMobileKitTests.xctest */ = {isa = PBXFileReference; includeInIndex = 0; lastKnownFileType = wrapper.cfbundle; path = GrafttyMobileKitTests.xctest; sourceTree = BUILT_PRODUCTS_DIR; };
		89CA6F3FF97966B7A2455984 /* ReposFetcherTests.swift */ = {isa = PBXFileReference; lastKnownFileType = sourcecode.swift; path = ReposFetcherTests.swift; sourceTree = "<group>"; };
		8E56F1F52D5AD50167862DB5 /* GrafttyMobileApp.swift */ = {isa = PBXFileReference; lastKnownFileType = sourcecode.swift; path = GrafttyMobileApp.swift; sourceTree = "<group>"; };
		8F512E9DFA7D7EC060D47EAD /* HostStoreTests.swift */ = {isa = PBXFileReference; lastKnownFileType = sourcecode.swift; path = HostStoreTests.swift; sourceTree = "<group>"; };
		CB247ABBC4A826B94EDC355A /* tailscale-alternative */ = {isa = PBXFileReference; lastKnownFileType = folder; name = "tailscale-alternative"; path = ../..; sourceTree = SOURCE_ROOT; };
		D0E517DBD6A521AB367A54A6 /* GrafttyMobile.app */ = {isa = PBXFileReference; includeInIndex = 0; lastKnownFileType = wrapper.application; path = GrafttyMobile.app; sourceTree = BUILT_PRODUCTS_DIR; };
		F9BE28EEA6673202992718AC /* CreateWorktreeClientTests.swift */ = {isa = PBXFileReference; lastKnownFileType = sourcecode.swift; path = CreateWorktreeClientTests.swift; sourceTree = "<group>"; };
/* End PBXFileReference section */

/* Begin PBXFrameworksBuildPhase section */
		054C6669B101796F8A641BD8 /* Frameworks */ = {
			isa = PBXFrameworksBuildPhase;
			buildActionMask = 2147483647;
			files = (
				7F73F1D0FCCA48FCAB1A219A /* GrafttyMobileKit in Frameworks */,
			);
			runOnlyForDeploymentPostprocessing = 0;
		};
		17902C0121316A36BF0C6B2A /* Frameworks */ = {
			isa = PBXFrameworksBuildPhase;
			buildActionMask = 2147483647;
			files = (
				64E9C62E3509B5F9F6CE55D5 /* GrafttyMobileKit in Frameworks */,
			);
			runOnlyForDeploymentPostprocessing = 0;
		};
/* End PBXFrameworksBuildPhase section */

/* Begin PBXGroup section */
		1B9D91891E2ED0F7FB19D21F /* Auth */ = {
			isa = PBXGroup;
			children = (
				2F8661072B5A91A28C0F46B5 /* BiometricGateTests.swift */,
			);
			path = Auth;
			sourceTree = "<group>";
		};
		1EDCBF6FE21FD532D10E6BCA /* SSH */ = {
			isa = PBXGroup;
			children = (
				6FECC8AFCB18ADAC7A90F1BA /* MobileSSHKeyStoreTests.swift */,
				67BBCA2A114F8474E4AAA2B7 /* SSHOnboardingInstructionsTests.swift */,
			);
			path = SSH;
			sourceTree = "<group>";
		};
		2C883EECF2A825471F9DADF9 /* GrafttyMobile */ = {
			isa = PBXGroup;
			children = (
				1B4204CA01B233B9F19E518B /* Assets.xcassets */,
				8E56F1F52D5AD50167862DB5 /* GrafttyMobileApp.swift */,
				60476F2F86616EAD082CF370 /* Info.plist */,
				2E297959F982E90ED939C39C /* LaunchScreen.storyboard */,
			);
			path = GrafttyMobile;
			sourceTree = "<group>";
		};
		2E51D47314D16FBA8059B04C /* Session */ = {
			isa = PBXGroup;
			children = (
				F9BE28EEA6673202992718AC /* CreateWorktreeClientTests.swift */,
				5914CCCFEA6C67504BAA55A9 /* HostControllerTests.swift */,
				89CA6F3FF97966B7A2455984 /* ReposFetcherTests.swift */,
				3E56275CF0FCFE37F85EFC75 /* SessionClientTests.swift */,
				340D909E38FF8ABE9EA6B38B /* SessionsFetcherTests.swift */,
			);
			path = Session;
			sourceTree = "<group>";
		};
		38FD3FDE13017D3FA41AB071 = {
			isa = PBXGroup;
			children = (
				2C883EECF2A825471F9DADF9 /* GrafttyMobile */,
				958EE75DBB9E04AE95F25F17 /* GrafttyMobileKitTests */,
				EBBD8BB4335B09E0E1E21C3F /* Packages */,
				613F14AB8D46A81479D6B00A /* Products */,
			);
			sourceTree = "<group>";
		};
		5326D4D06134BD55FD5087CF /* Terminal */ = {
			isa = PBXGroup;
			children = (
				5998E66A30A2C0BDA5095427 /* TerminalPaneViewTests.swift */,
				3DFA9C1F66C7E92D9F0BCE9C /* TerminalWidthLayoutTests.swift */,
			);
			path = Terminal;
			sourceTree = "<group>";
		};
		613F14AB8D46A81479D6B00A /* Products */ = {
			isa = PBXGroup;
			children = (
				D0E517DBD6A521AB367A54A6 /* GrafttyMobile.app */,
				7213F905213229A44DC07D77 /* GrafttyMobileKitTests.xctest */,
			);
			name = Products;
			sourceTree = "<group>";
		};
		6369E2047B8A39CA96B1E94C /* UI */ = {
			isa = PBXGroup;
			children = (
				59C241EF3381506F0ED7BEC0 /* PanePreviewClientPoolTests.swift */,
			);
			path = UI;
			sourceTree = "<group>";
		};
		958EE75DBB9E04AE95F25F17 /* GrafttyMobileKitTests */ = {
			isa = PBXGroup;
			children = (
				1B9D91891E2ED0F7FB19D21F /* Auth */,
				A1A551D7B6750F11488B0E0A /* Hosts */,
				2E51D47314D16FBA8059B04C /* Session */,
				1EDCBF6FE21FD532D10E6BCA /* SSH */,
				5326D4D06134BD55FD5087CF /* Terminal */,
				6369E2047B8A39CA96B1E94C /* UI */,
			);
			name = GrafttyMobileKitTests;
			path = ../../Tests/GrafttyMobileKitTests;
			sourceTree = "<group>";
		};
		A1A551D7B6750F11488B0E0A /* Hosts */ = {
			isa = PBXGroup;
			children = (
				8F512E9DFA7D7EC060D47EAD /* HostStoreTests.swift */,
			);
			path = Hosts;
			sourceTree = "<group>";
		};
		EBBD8BB4335B09E0E1E21C3F /* Packages */ = {
			isa = PBXGroup;
			children = (
				CB247ABBC4A826B94EDC355A /* tailscale-alternative */,
			);
			name = Packages;
			sourceTree = "<group>";
		};
/* End PBXGroup section */

/* Begin PBXNativeTarget section */
		166B2D45AF993D5EE3956B3E /* GrafttyMobileKitTests */ = {
			isa = PBXNativeTarget;
			buildConfigurationList = 2603CDCCF56E48E27CAFBCBD /* Build configuration list for PBXNativeTarget "GrafttyMobileKitTests" */;
			buildPhases = (
				9583E3DA50178FFDA820F9E2 /* Sources */,
				054C6669B101796F8A641BD8 /* Frameworks */,
			);
			buildRules = (
			);
			dependencies = (
			);
			name = GrafttyMobileKitTests;
			packageProductDependencies = (
				60C487620D1AB53BB66F5014 /* GrafttyMobileKit */,
			);
			productName = GrafttyMobileKitTests;
			productReference = 7213F905213229A44DC07D77 /* GrafttyMobileKitTests.xctest */;
			productType = "com.apple.product-type.bundle.unit-test";
		};
		9C4899B8EF5E97558B0302C3 /* GrafttyMobile */ = {
			isa = PBXNativeTarget;
			buildConfigurationList = F9253B3E4D0E7E28D5E0F3B3 /* Build configuration list for PBXNativeTarget "GrafttyMobile" */;
			buildPhases = (
				DF6ECFF1351DB072DA7E2D63 /* Sources */,
				1DF752033E8B99B7B35AC67A /* Resources */,
				17902C0121316A36BF0C6B2A /* Frameworks */,
			);
			buildRules = (
			);
			dependencies = (
			);
			name = GrafttyMobile;
			packageProductDependencies = (
				961E5DC72693D5319AE8805F /* GrafttyMobileKit */,
			);
			productName = GrafttyMobile;
			productReference = D0E517DBD6A521AB367A54A6 /* GrafttyMobile.app */;
			productType = "com.apple.product-type.application";
		};
/* End PBXNativeTarget section */

/* Begin PBXProject section */
		E6F225A85409AFF3934ED137 /* Project object */ = {
			isa = PBXProject;
			attributes = {
				BuildIndependentTargetsInParallel = YES;
				LastUpgradeCheck = 1430;
				TargetAttributes = {
					9C4899B8EF5E97558B0302C3 = {
						ProvisioningStyle = Automatic;
					};
				};
			};
			buildConfigurationList = 897D34C1194B61FB3DD0B010 /* Build configuration list for PBXProject "GrafttyMobile" */;
			developmentRegion = en;
			hasScannedForEncodings = 0;
			knownRegions = (
				Base,
				en,
			);
			mainGroup = 38FD3FDE13017D3FA41AB071;
			minimizedProjectReferenceProxies = 1;
			packageReferences = (
				04CA06D080FD88AE067427B7 /* XCLocalSwiftPackageReference "../.." */,
			);
			preferredProjectObjectVersion = 77;
			productRefGroup = 613F14AB8D46A81479D6B00A /* Products */;
			projectDirPath = "";
			projectRoot = "";
			targets = (
				9C4899B8EF5E97558B0302C3 /* GrafttyMobile */,
				166B2D45AF993D5EE3956B3E /* GrafttyMobileKitTests */,
			);
		};
/* End PBXProject section */

/* Begin PBXResourcesBuildPhase section */
		1DF752033E8B99B7B35AC67A /* Resources */ = {
			isa = PBXResourcesBuildPhase;
			buildActionMask = 2147483647;
			files = (
				2AE3E873CEBC645A93D9D3EF /* Assets.xcassets in Resources */,
				9FC5E92497F5755C7182F797 /* LaunchScreen.storyboard in Resources */,
			);
			runOnlyForDeploymentPostprocessing = 0;
		};
/* End PBXResourcesBuildPhase section */

/* Begin PBXSourcesBuildPhase section */
		9583E3DA50178FFDA820F9E2 /* Sources */ = {
			isa = PBXSourcesBuildPhase;
			buildActionMask = 2147483647;
			files = (
				2E416266017DFF6D47BFED05 /* BiometricGateTests.swift in Sources */,
				0C48DC35ED5DCBF20CC0A0A3 /* CreateWorktreeClientTests.swift in Sources */,
				AA14A2ACD895768E8B7A2E2B /* HostControllerTests.swift in Sources */,
				6E3698272F39E3D8665B41E7 /* HostStoreTests.swift in Sources */,
				3E58A2ABC89004EDB029B4F3 /* MobileSSHKeyStoreTests.swift in Sources */,
				483FFAA6EA930913E3847B04 /* PanePreviewClientPoolTests.swift in Sources */,
				4FCF3928EE66699587F57A20 /* ReposFetcherTests.swift in Sources */,
				2C7D26A5DCEF90670838F8CA /* SSHOnboardingInstructionsTests.swift in Sources */,
				4FC268572A822F79E5CBF517 /* SessionClientTests.swift in Sources */,
				C0A3025E89B3FB9D1A6C744A /* SessionsFetcherTests.swift in Sources */,
				FD935B889FE139844ADA79E6 /* TerminalPaneViewTests.swift in Sources */,
				5E82901F3ADEA7B4769B7E59 /* TerminalWidthLayoutTests.swift in Sources */,
			);
			runOnlyForDeploymentPostprocessing = 0;
		};
		DF6ECFF1351DB072DA7E2D63 /* Sources */ = {
			isa = PBXSourcesBuildPhase;
			buildActionMask = 2147483647;
			files = (
				69A3E70C24956F734A8B75EE /* GrafttyMobileApp.swift in Sources */,
			);
			runOnlyForDeploymentPostprocessing = 0;
		};
/* End PBXSourcesBuildPhase section */

/* Begin XCBuildConfiguration section */
		6AEC14D3B227610AC6BB8CE9 /* Debug */ = {
			isa = XCBuildConfiguration;
			buildSettings = {
				ALWAYS_SEARCH_USER_PATHS = NO;
				CLANG_ANALYZER_NONNULL = YES;
				CLANG_ANALYZER_NUMBER_OBJECT_CONVERSION = YES_AGGRESSIVE;
				CLANG_CXX_LANGUAGE_STANDARD = "gnu++14";
				CLANG_CXX_LIBRARY = "libc++";
				CLANG_ENABLE_MODULES = YES;
				CLANG_ENABLE_OBJC_ARC = YES;
				CLANG_ENABLE_OBJC_WEAK = YES;
				CLANG_WARN_BLOCK_CAPTURE_AUTORELEASING = YES;
				CLANG_WARN_BOOL_CONVERSION = YES;
				CLANG_WARN_COMMA = YES;
				CLANG_WARN_CONSTANT_CONVERSION = YES;
				CLANG_WARN_DEPRECATED_OBJC_IMPLEMENTATIONS = YES;
				CLANG_WARN_DIRECT_OBJC_ISA_USAGE = YES_ERROR;
				CLANG_WARN_DOCUMENTATION_COMMENTS = YES;
				CLANG_WARN_EMPTY_BODY = YES;
				CLANG_WARN_ENUM_CONVERSION = YES;
				CLANG_WARN_INFINITE_RECURSION = YES;
				CLANG_WARN_INT_CONVERSION = YES;
				CLANG_WARN_NON_LITERAL_NULL_CONVERSION = YES;
				CLANG_WARN_OBJC_IMPLICIT_RETAIN_SELF = YES;
				CLANG_WARN_OBJC_LITERAL_CONVERSION = YES;
				CLANG_WARN_OBJC_ROOT_CLASS = YES_ERROR;
				CLANG_WARN_QUOTED_INCLUDE_IN_FRAMEWORK_HEADER = YES;
				CLANG_WARN_RANGE_LOOP_ANALYSIS = YES;
				CLANG_WARN_STRICT_PROTOTYPES = YES;
				CLANG_WARN_SUSPICIOUS_MOVE = YES;
				CLANG_WARN_UNGUARDED_AVAILABILITY = YES_AGGRESSIVE;
				CLANG_WARN_UNREACHABLE_CODE = YES;
				CLANG_WARN__DUPLICATE_METHOD_MATCH = YES;
				COPY_PHASE_STRIP = NO;
				DEBUG_INFORMATION_FORMAT = dwarf;
				ENABLE_STRICT_OBJC_MSGSEND = YES;
				ENABLE_TESTABILITY = YES;
				GCC_C_LANGUAGE_STANDARD = gnu11;
				GCC_DYNAMIC_NO_PIC = NO;
				GCC_NO_COMMON_BLOCKS = YES;
				GCC_OPTIMIZATION_LEVEL = 0;
				GCC_PREPROCESSOR_DEFINITIONS = (
					"$(inherited)",
					"DEBUG=1",
				);
				GCC_WARN_64_TO_32_BIT_CONVERSION = YES;
				GCC_WARN_ABOUT_RETURN_TYPE = YES_ERROR;
				GCC_WARN_UNDECLARED_SELECTOR = YES;
				GCC_WARN_UNINITIALIZED_AUTOS = YES_AGGRESSIVE;
				GCC_WARN_UNUSED_FUNCTION = YES;
				GCC_WARN_UNUSED_VARIABLE = YES;
				IPHONEOS_DEPLOYMENT_TARGET = 17.0;
				MTL_ENABLE_DEBUG_INFO = INCLUDE_SOURCE;
				MTL_FAST_MATH = YES;
				ONLY_ACTIVE_ARCH = YES;
				PRODUCT_NAME = "$(TARGET_NAME)";
				SDKROOT = iphoneos;
				SWIFT_ACTIVE_COMPILATION_CONDITIONS = DEBUG;
				SWIFT_OPTIMIZATION_LEVEL = "-Onone";
				SWIFT_VERSION = 5.0;
			};
			name = Debug;
		};
		8146272DE7DA8B352C5FEDB0 /* Release */ = {
			isa = XCBuildConfiguration;
			buildSettings = {
				ALWAYS_SEARCH_USER_PATHS = NO;
				CLANG_ANALYZER_NONNULL = YES;
				CLANG_ANALYZER_NUMBER_OBJECT_CONVERSION = YES_AGGRESSIVE;
				CLANG_CXX_LANGUAGE_STANDARD = "gnu++14";
				CLANG_CXX_LIBRARY = "libc++";
				CLANG_ENABLE_MODULES = YES;
				CLANG_ENABLE_OBJC_ARC = YES;
				CLANG_ENABLE_OBJC_WEAK = YES;
				CLANG_WARN_BLOCK_CAPTURE_AUTORELEASING = YES;
				CLANG_WARN_BOOL_CONVERSION = YES;
				CLANG_WARN_COMMA = YES;
				CLANG_WARN_CONSTANT_CONVERSION = YES;
				CLANG_WARN_DEPRECATED_OBJC_IMPLEMENTATIONS = YES;
				CLANG_WARN_DIRECT_OBJC_ISA_USAGE = YES_ERROR;
				CLANG_WARN_DOCUMENTATION_COMMENTS = YES;
				CLANG_WARN_EMPTY_BODY = YES;
				CLANG_WARN_ENUM_CONVERSION = YES;
				CLANG_WARN_INFINITE_RECURSION = YES;
				CLANG_WARN_INT_CONVERSION = YES;
				CLANG_WARN_NON_LITERAL_NULL_CONVERSION = YES;
				CLANG_WARN_OBJC_IMPLICIT_RETAIN_SELF = YES;
				CLANG_WARN_OBJC_LITERAL_CONVERSION = YES;
				CLANG_WARN_OBJC_ROOT_CLASS = YES_ERROR;
				CLANG_WARN_QUOTED_INCLUDE_IN_FRAMEWORK_HEADER = YES;
				CLANG_WARN_RANGE_LOOP_ANALYSIS = YES;
				CLANG_WARN_STRICT_PROTOTYPES = YES;
				CLANG_WARN_SUSPICIOUS_MOVE = YES;
				CLANG_WARN_UNGUARDED_AVAILABILITY = YES_AGGRESSIVE;
				CLANG_WARN_UNREACHABLE_CODE = YES;
				CLANG_WARN__DUPLICATE_METHOD_MATCH = YES;
				COPY_PHASE_STRIP = NO;
				DEBUG_INFORMATION_FORMAT = "dwarf-with-dsym";
				ENABLE_NS_ASSERTIONS = NO;
				ENABLE_STRICT_OBJC_MSGSEND = YES;
				GCC_C_LANGUAGE_STANDARD = gnu11;
				GCC_NO_COMMON_BLOCKS = YES;
				GCC_WARN_64_TO_32_BIT_CONVERSION = YES;
				GCC_WARN_ABOUT_RETURN_TYPE = YES_ERROR;
				GCC_WARN_UNDECLARED_SELECTOR = YES;
				GCC_WARN_UNINITIALIZED_AUTOS = YES_AGGRESSIVE;
				GCC_WARN_UNUSED_FUNCTION = YES;
				GCC_WARN_UNUSED_VARIABLE = YES;
				IPHONEOS_DEPLOYMENT_TARGET = 17.0;
				MTL_ENABLE_DEBUG_INFO = NO;
				MTL_FAST_MATH = YES;
				PRODUCT_NAME = "$(TARGET_NAME)";
				SDKROOT = iphoneos;
				SWIFT_COMPILATION_MODE = wholemodule;
				SWIFT_OPTIMIZATION_LEVEL = "-O";
				SWIFT_VERSION = 5.0;
			};
			name = Release;
		};
		857A59B67E5DA43F861535EE /* Release */ = {
			isa = XCBuildConfiguration;
			buildSettings = {
				ASSETCATALOG_COMPILER_APPICON_NAME = AppIcon;
				CODE_SIGNING_REQUIRED = NO;
				CODE_SIGN_IDENTITY = "-";
				CODE_SIGN_STYLE = Automatic;
				ENABLE_PREVIEWS = YES;
				INFOPLIST_FILE = GrafttyMobile/Info.plist;
				IPHONEOS_DEPLOYMENT_TARGET = 17.0;
				LD_RUNPATH_SEARCH_PATHS = (
					"$(inherited)",
					"@executable_path/Frameworks",
				);
				PRODUCT_BUNDLE_IDENTIFIER = net.graftty.GrafttyMobile;
				SDKROOT = iphoneos;
				SUPPORTED_PLATFORMS = "iphonesimulator iphoneos";
				SWIFT_VERSION = 5.10;
				TARGETED_DEVICE_FAMILY = "1,2";
			};
			name = Release;
		};
		8BBD6A19931C759F6D6B568D /* Debug */ = {
			isa = XCBuildConfiguration;
			buildSettings = {
				BUNDLE_LOADER = "$(TEST_HOST)";
				GENERATE_INFOPLIST_FILE = YES;
				IPHONEOS_DEPLOYMENT_TARGET = 17.0;
				LD_RUNPATH_SEARCH_PATHS = (
					"$(inherited)",
					"@executable_path/Frameworks",
					"@loader_path/Frameworks",
				);
				PRODUCT_BUNDLE_IDENTIFIER = net.graftty.GrafttyMobileKitTests;
				SDKROOT = iphoneos;
				SUPPORTED_PLATFORMS = "iphonesimulator iphoneos";
				SWIFT_VERSION = 5.10;
				TARGETED_DEVICE_FAMILY = "1,2";
			};
			name = Debug;
		};
		918477E6507CBDC728A86FA3 /* Debug */ = {
			isa = XCBuildConfiguration;
			buildSettings = {
				ASSETCATALOG_COMPILER_APPICON_NAME = AppIcon;
				CODE_SIGNING_REQUIRED = NO;
				CODE_SIGN_IDENTITY = "-";
				CODE_SIGN_STYLE = Automatic;
				ENABLE_PREVIEWS = YES;
				INFOPLIST_FILE = GrafttyMobile/Info.plist;
				IPHONEOS_DEPLOYMENT_TARGET = 17.0;
				LD_RUNPATH_SEARCH_PATHS = (
					"$(inherited)",
					"@executable_path/Frameworks",
				);
				PRODUCT_BUNDLE_IDENTIFIER = net.graftty.GrafttyMobile;
				SDKROOT = iphoneos;
				SUPPORTED_PLATFORMS = "iphonesimulator iphoneos";
				SWIFT_VERSION = 5.10;
				TARGETED_DEVICE_FAMILY = "1,2";
			};
			name = Debug;
		};
		E3076FB5FD16C6688E1142FE /* Release */ = {
			isa = XCBuildConfiguration;
			buildSettings = {
				BUNDLE_LOADER = "$(TEST_HOST)";
				GENERATE_INFOPLIST_FILE = YES;
				IPHONEOS_DEPLOYMENT_TARGET = 17.0;
				LD_RUNPATH_SEARCH_PATHS = (
					"$(inherited)",
					"@executable_path/Frameworks",
					"@loader_path/Frameworks",
				);
				PRODUCT_BUNDLE_IDENTIFIER = net.graftty.GrafttyMobileKitTests;
				SDKROOT = iphoneos;
				SUPPORTED_PLATFORMS = "iphonesimulator iphoneos";
				SWIFT_VERSION = 5.10;
				TARGETED_DEVICE_FAMILY = "1,2";
			};
			name = Release;
		};
/* End XCBuildConfiguration section */

/* Begin XCConfigurationList section */
		2603CDCCF56E48E27CAFBCBD /* Build configuration list for PBXNativeTarget "GrafttyMobileKitTests" */ = {
			isa = XCConfigurationList;
			buildConfigurations = (
				8BBD6A19931C759F6D6B568D /* Debug */,
				E3076FB5FD16C6688E1142FE /* Release */,
			);
			defaultConfigurationIsVisible = 0;
			defaultConfigurationName = Debug;
		};
		897D34C1194B61FB3DD0B010 /* Build configuration list for PBXProject "GrafttyMobile" */ = {
			isa = XCConfigurationList;
			buildConfigurations = (
				6AEC14D3B227610AC6BB8CE9 /* Debug */,
				8146272DE7DA8B352C5FEDB0 /* Release */,
			);
			defaultConfigurationIsVisible = 0;
			defaultConfigurationName = Debug;
		};
		F9253B3E4D0E7E28D5E0F3B3 /* Build configuration list for PBXNativeTarget "GrafttyMobile" */ = {
			isa = XCConfigurationList;
			buildConfigurations = (
				918477E6507CBDC728A86FA3 /* Debug */,
				857A59B67E5DA43F861535EE /* Release */,
			);
			defaultConfigurationIsVisible = 0;
			defaultConfigurationName = Debug;
		};
/* End XCConfigurationList section */

/* Begin XCLocalSwiftPackageReference section */
		04CA06D080FD88AE067427B7 /* XCLocalSwiftPackageReference "../.." */ = {
			isa = XCLocalSwiftPackageReference;
			relativePath = ../..;
		};
/* End XCLocalSwiftPackageReference section */

/* Begin XCSwiftPackageProductDependency section */
		60C487620D1AB53BB66F5014 /* GrafttyMobileKit */ = {
			isa = XCSwiftPackageProductDependency;
			productName = GrafttyMobileKit;
		};
		961E5DC72693D5319AE8805F /* GrafttyMobileKit */ = {
			isa = XCSwiftPackageProductDependency;
			productName = GrafttyMobileKit;
		};
/* End XCSwiftPackageProductDependency section */
	};
	rootObject = E6F225A85409AFF3934ED137 /* Project object */;
}
